
Microsoft Visual Studio Solution File, Format Version 12.00
# Visual Studio Version 17
VisualStudioVersion = 17.1.32407.343
MinimumVisualStudioVersion = 10.0.40219.1
Project("{FAE04EC0-301F-11D3-BF4B-00C04F79EFBC}") = "Assignment3", "Assignment3\Assignment3.csproj", "{8498FE52-3979-47E3-82C0-F41748061C9E}"
EndProject
Global
	GlobalSection(SolutionConfigurationPlatforms) = preSolution
		Debug|Any CPU = Debug|Any CPU
		Release|Any CPU = Release|Any CPU
	EndGlobalSection
	GlobalSection(ProjectConfigurationPlatforms) = postSolution
		{8498FE52-3979-47E3-82C0-F41748061C9E}.Debug|Any CPU.ActiveCfg = Debug|Any CPU
		{8498FE52-3979-47E3-82C0-F41748061C9E}.Debug|Any CPU.Build.0 = Debug|Any CPU
		{8498FE52-3979-47E3-82C0-F41748061C9E}.Release|Any CPU.ActiveCfg = Release|Any CPU
		{8498FE52-3979-47E3-82C0-F41748061C9E}.Release|Any CPU.Build.0 = Release|Any CPU
	EndGlobalSection
	GlobalSection(SolutionProperties) = preSolution
		HideSolutionNode = FALSE
	EndGlobalSection
	GlobalSection(ExtensibilityGlobals) = postSolution
		SolutionGuid = {4AB62B0F-A943-44B4-B1D4-F8EC0B8FBFAC}
	EndGlobalSection
EndGlobal
