
Microsoft Visual Studio Solution File, Format Version 12.00
# Visual Studio Version 17
VisualStudioVersion = 17.1.32407.343
MinimumVisualStudioVersion = 10.0.40219.1
Project("{FAE04EC0-301F-11D3-BF4B-00C04F79EFBC}") = "MvcCrudOperation", "MvcCrudOperation\MvcCrudOperation.csproj", "{1C029000-EDFD-441C-8FCA-7C5B14F83069}"
EndProject
Global
	GlobalSection(SolutionConfigurationPlatforms) = preSolution
		Debug|Any CPU = Debug|Any CPU
		Release|Any CPU = Release|Any CPU
	EndGlobalSection
	GlobalSection(ProjectConfigurationPlatforms) = postSolution
		{1C029000-EDFD-441C-8FCA-7C5B14F83069}.Debug|Any CPU.ActiveCfg = Debug|Any CPU
		{1C029000-EDFD-441C-8FCA-7C5B14F83069}.Debug|Any CPU.Build.0 = Debug|Any CPU
		{1C029000-EDFD-441C-8FCA-7C5B14F83069}.Release|Any CPU.ActiveCfg = Release|Any CPU
		{1C029000-EDFD-441C-8FCA-7C5B14F83069}.Release|Any CPU.Build.0 = Release|Any CPU
	EndGlobalSection
	GlobalSection(SolutionProperties) = preSolution
		HideSolutionNode = FALSE
	EndGlobalSection
	GlobalSection(ExtensibilityGlobals) = postSolution
		SolutionGuid = {A8F6E740-9ECC-461A-8F8E-2BA15BD9B73A}
	EndGlobalSection
EndGlobal
